<?xml version="1.0" encoding="utf-8"?>
<Project ToolsVersion="4.0" xmlns="http://schemas.microsoft.com/developer/msbuild/2003">
  <ItemGroup>
    <Filter Include="Source Files">
      <UniqueIdentifier>{4FC737F1-C7A5-4376-A066-2A32D752A2FF}</UniqueIdentifier>
      <Extensions>cpp;c;cc;cxx;def;odl;idl;hpj;bat;asm;asmx</Extensions>
    </Filter>
    <Filter Include="Header Files">
      <UniqueIdentifier>{93995380-89BD-4b04-88EB-625FBE52EBFB}</UniqueIdentifier>
      <Extensions>h;hh;hpp;hxx;hm;inl;inc;xsd</Extensions>
    </Filter>
    <Filter Include="_Sqlite Files">
      <UniqueIdentifier>{54dad6ac-ac7c-47d6-aa0b-7f2a573f73a2}</UniqueIdentifier>
    </Filter>
    <Filter Include="_Resource Files">
      <UniqueIdentifier>{67DA6AB6-F800-4c08-8B7A-83BB121AAD01}</UniqueIdentifier>
      <Extensions>rc;ico;cur;bmp;dlg;rc2;rct;bin;rgs;gif;jpg;jpeg;jpe;resx;tiff;tif;png;wav;mfcribbon-ms</Extensions>
    </Filter>
    <Filter Include="z_Main">
      <UniqueIdentifier>{0d445f41-84a3-4364-a3bb-a52c6d16d5f6}</UniqueIdentifier>
    </Filter>
    <Filter Include="Constants">
      <UniqueIdentifier>{d7b1e9c9-3d7f-4a1e-a922-dd06e31ad3e7}</UniqueIdentifier>
    </Filter>
  </ItemGroup>
  <ItemGroup>
    <ClCompile Include="Console.cpp">
      <Filter>Source Files</Filter>
    </ClCompile>
    <ClCompile Include="CV_OperatorOverloading.cpp">
      <Filter>Source Files</Filter>
    </ClCompile>
    <ClCompile Include="Database.cpp">
      <Filter>Source Files</Filter>
    </ClCompile>
    <ClCompile Include="DetectionController.cpp">
      <Filter>Source Files</Filter>
    </ClCompile>
    <ClCompile Include="Eye.cpp">
      <Filter>Source Files</Filter>
    </ClCompile>
    <ClCompile Include="GazeTracker.cpp">
      <Filter>Source Files</Filter>
    </ClCompile>
    <ClCompile Include="UserIdentification.cpp">
      <Filter>Source Files</Filter>
    </ClCompile>
    <ClCompile Include="sqlite3.c">
      <Filter>_Sqlite Files</Filter>
    </ClCompile>
    <ClCompile Include="Main.cpp">
      <Filter>z_Main</Filter>
    </ClCompile>
    <ClCompile Include="Desktop.cpp">
      <Filter>Source Files</Filter>
    </ClCompile>
    <ClCompile Include="KeyboardHook.cpp">
      <Filter>Source Files</Filter>
    </ClCompile>
    <ClCompile Include="ZoomAreaGUI.cpp">
      <Filter>Source Files</Filter>
    </ClCompile>
    <ClCompile Include="SimdDetector.cpp">
      <Filter>Source Files</Filter>
    </ClCompile>
    <ClCompile Include="FPSCounter.cpp">
      <Filter>Source Files</Filter>
    </ClCompile>
    <ClCompile Include="Text.cpp">
      <Filter>Source Files</Filter>
    </ClCompile>
  </ItemGroup>
  <ItemGroup>
    <ClInclude Include="GazeTracker.h">
      <Filter>Header Files</Filter>
    </ClInclude>
    <ClInclude Include="DetectionController.h">
      <Filter>Header Files</Filter>
    </ClInclude>
    <ClInclude Include="Database.h">
      <Filter>Header Files</Filter>
    </ClInclude>
    <ClInclude Include="CV_OperatorOverloading.h">
      <Filter>Header Files</Filter>
    </ClInclude>
    <ClInclude Include="Console.h">
      <Filter>Header Files</Filter>
    </ClInclude>
    <ClInclude Include="UserIdentification.h">
      <Filter>Header Files</Filter>
    </ClInclude>
    <ClInclude Include="Eye.h">
      <Filter>Header Files</Filter>
    </ClInclude>
    <ClInclude Include="sqlite3.h">
      <Filter>_Sqlite Files</Filter>
    </ClInclude>
    <ClInclude Include="Desktop.h">
      <Filter>Header Files</Filter>
    </ClInclude>
    <ClInclude Include="KeyboardHook.h">
      <Filter>Header Files</Filter>
    </ClInclude>
    <ClInclude Include="Errors_And_Warnings.h">
      <Filter>Constants</Filter>
    </ClInclude>
    <ClInclude Include="Texts.h">
      <Filter>Constants</Filter>
    </ClInclude>
    <ClInclude Include="Windows_Settings.h">
      <Filter>Constants</Filter>
    </ClInclude>
    <ClInclude Include="ZoomAreaGUI.h">
      <Filter>Header Files</Filter>
    </ClInclude>
    <ClInclude Include="Colors.h">
      <Filter>Constants</Filter>
    </ClInclude>
    <ClInclude Include="SimdDetector.h">
      <Filter>Header Files</Filter>
    </ClInclude>
    <ClInclude Include="FPSCounter.h">
      <Filter>Header Files</Filter>
    </ClInclude>
    <ClInclude Include="Media.h">
      <Filter>Constants</Filter>
    </ClInclude>
    <ClInclude Include="Text.h">
      <Filter>Header Files</Filter>
    </ClInclude>
    <ClInclude Include="resource.h">
      <Filter>_Resource Files</Filter>
    </ClInclude>
  </ItemGroup>
  <ItemGroup>
    <ResourceCompile Include="Eye_Mouse.rc">
      <Filter>_Resource Files</Filter>
    </ResourceCompile>
  </ItemGroup>
  <ItemGroup>
    <Image Include="Media\MousEye.ico">
      <Filter>_Resource Files</Filter>
    </Image>
  </ItemGroup>
</Project>